
Microsoft Visual Studio Solution File, Format Version 12.00
# Visual Studio Version 17
VisualStudioVersion = 17.7.34024.191
MinimumVisualStudioVersion = 10.0.40219.1
Project("{FAE04EC0-301F-11D3-BF4B-00C04F79EFBC}") = "DeletePovtorHomeWork", "DeletePovtorHomeWork\DeletePovtorHomeWork.csproj", "{EE4C6BCD-7DD5-45DF-ABC2-C15E597AAD00}"
EndProject
Global
	GlobalSection(SolutionConfigurationPlatforms) = preSolution
		Debug|Any CPU = Debug|Any CPU
		Release|Any CPU = Release|Any CPU
	EndGlobalSection
	GlobalSection(ProjectConfigurationPlatforms) = postSolution
		{EE4C6BCD-7DD5-45DF-ABC2-C15E597AAD00}.Debug|Any CPU.ActiveCfg = Debug|Any CPU
		{EE4C6BCD-7DD5-45DF-ABC2-C15E597AAD00}.Debug|Any CPU.Build.0 = Debug|Any CPU
		{EE4C6BCD-7DD5-45DF-ABC2-C15E597AAD00}.Release|Any CPU.ActiveCfg = Release|Any CPU
		{EE4C6BCD-7DD5-45DF-ABC2-C15E597AAD00}.Release|Any CPU.Build.0 = Release|Any CPU
	EndGlobalSection
	GlobalSection(SolutionProperties) = preSolution
		HideSolutionNode = FALSE
	EndGlobalSection
	GlobalSection(ExtensibilityGlobals) = postSolution
		SolutionGuid = {8ECE6813-EBF9-452F-9650-69728F1A9CE8}
	EndGlobalSection
EndGlobal
